
Microsoft Visual Studio Solution File, Format Version 12.00
# Visual Studio Version 16
VisualStudioVersion = 16.0.31321.278
MinimumVisualStudioVersion = 10.0.40219.1
Project("{FAE04EC0-301F-11D3-BF4B-00C04F79EFBC}") = "ExtremeHomes", "ExtremeHomes.csproj", "{FF2B72DF-7423-4F4E-BC75-841214728F3C}"
EndProject
Global
	GlobalSection(SolutionConfigurationPlatforms) = preSolution
		Debug|Any CPU = Debug|Any CPU
		Release|Any CPU = Release|Any CPU
	EndGlobalSection
	GlobalSection(ProjectConfigurationPlatforms) = postSolution
		{FF2B72DF-7423-4F4E-BC75-841214728F3C}.Debug|Any CPU.ActiveCfg = Debug|Any CPU
		{FF2B72DF-7423-4F4E-BC75-841214728F3C}.Debug|Any CPU.Build.0 = Debug|Any CPU
		{FF2B72DF-7423-4F4E-BC75-841214728F3C}.Release|Any CPU.ActiveCfg = Release|Any CPU
		{FF2B72DF-7423-4F4E-BC75-841214728F3C}.Release|Any CPU.Build.0 = Release|Any CPU
	EndGlobalSection
	GlobalSection(SolutionProperties) = preSolution
		HideSolutionNode = FALSE
	EndGlobalSection
	GlobalSection(ExtensibilityGlobals) = postSolution
		SolutionGuid = {2EDB555D-B8FE-41FC-A859-0364D054DAD4}
	EndGlobalSection
EndGlobal
